#MicroXplorer Configuration settings - do not modify
Mcu.Family=STM32L4
SH.GPXTI1.0=GPIO_EXTI1
ProjectManager.MainLocation=Core/Src
PA15\ (JTDI).GPIOParameters=GPIO_Label
RCC.USART1Freq_Value=32000000
RCC.SAI1Freq_Value=4571428.571428572
USART2.IPParameters=VirtualMode-Asynchronous
RCC.CortexFreq_Value=32000000
ProjectManager.KeepUserCode=true
Mcu.UserName=STM32L432KCUx
RCC.PLLCLKFreq_Value=32000000
RCC.PLLSAI1RoutputFreq_Value=16000000
PA0.GPIO_Label=MCO [High speed clock in]
PA12.GPIOParameters=GPIO_Label
ProjectManager.functionlistsort=1-MX_GPIO_Init-GPIO-false-HAL-true,2-SystemClock_Config-RCC-false-HAL-false,3-MX_USART2_UART_Init-USART2-false-HAL-true,4-MX_I2C1_Init-I2C1-false-HAL-true,5-MX_TIM2_Init-TIM2-false-HAL-true
PA9.GPIOParameters=GPIO_Label
PA11.GPIOParameters=GPIO_Label
PA13\ (JTMS-SWDIO).Locked=true
NVIC.EXTI3_IRQn=true\:4\:0\:true\:false\:true\:true\:true
RCC.RTCFreq_Value=32000
PA3.GPIOParameters=GPIO_Label,GPIO_ModeDefaultEXTI
PA6.GPIO_Label=GATE1
PB0.GPIO_Label=GATE3
RCC.USART2Freq_Value=32000000
PA15\ (JTDI).Signal=USART2_RX
PC15-OSC32_OUT\ (PC15).Mode=LSE-External-Oscillator
RCC.48CLKFreq_Value=24000000
PA2.GPIOParameters=GPIO_Label
PinOutPanel.RotationAngle=0
RCC.MCO1PinFreq_Value=32000000
RCC.SYSCLKSource=RCC_SYSCLKSOURCE_PLLCLK
ProjectManager.StackSize=0x400
PB3\ (JTDO-TRACESWO).Signal=GPIO_Output
PB5.GPIOParameters=GPIO_Label
PC14-OSC32_IN\ (PC14).Mode=LSE-External-Oscillator
PA14\ (JTCK-SWCLK).Signal=SYS_JTCK-SWCLK
RCC.I2C3Freq_Value=32000000
RCC.LPTIM1Freq_Value=32000000
Mcu.IP4=TIM2
RCC.FCLKCortexFreq_Value=32000000
Mcu.IP5=USART2
I2C1.IPParameters=Timing
NVIC.SVCall_IRQn=true\:0\:0\:false\:false\:true\:false\:false
Mcu.IP2=RCC
Mcu.IP3=SYS
Mcu.IP0=I2C1
PA12.Locked=true
PA15\ (JTDI).Mode=Asynchronous
Mcu.IP1=NVIC
NVIC.EXTI1_IRQn=true\:5\:0\:true\:false\:true\:true\:true
PA12.Signal=GPIO_Output
SH.GPXTI3.ConfNb=1
Mcu.UserConstants=SEQ_CLOCK,TIM2
RCC.VCOSAI1OutputFreq_Value=32000000
PA14\ (JTCK-SWCLK).GPIOParameters=GPIO_Label
Mcu.ThirdPartyNb=0
RCC.HCLKFreq_Value=32000000
Mcu.IPNb=6
ProjectManager.PreviousToolchain=
RCC.APB2TimFreq_Value=32000000
PA8.GPIOParameters=GPIO_Label
Mcu.Pin6=PA4
Mcu.Pin7=PA5
VP_TIM2_VS_ClockSourceINT.Signal=TIM2_VS_ClockSourceINT
Mcu.Pin8=PA6
Mcu.Pin9=PA7
RCC.AHBFreq_Value=32000000
Mcu.Pin0=PC14-OSC32_IN (PC14)
Mcu.Pin1=PC15-OSC32_OUT (PC15)
GPIO.groupedBy=Group By Peripherals
Mcu.Pin2=PA0
Mcu.Pin3=PA1
RCC.USART3Freq_Value=16000000
Mcu.Pin4=PA2
Mcu.Pin5=PA3
ProjectManager.ProjectBuild=false
RCC.HSE_VALUE=8000000
NVIC.UsageFault_IRQn=true\:0\:0\:false\:false\:true\:false\:false
NVIC.DebugMonitor_IRQn=true\:0\:0\:false\:false\:true\:false\:false
PA0.Locked=true
PA8.Locked=true
PA4.Locked=true
USART2.VirtualMode-Asynchronous=VM_ASYNC
NVIC.SysTick_IRQn=true\:0\:0\:true\:false\:true\:true\:true
RCC.PLLMUL=RCC_PLLMUL_4
ProjectManager.FirmwarePackage=STM32Cube FW_L4 V1.17.0
MxDb.Version=DB.6.0.21
PB0.GPIOParameters=GPIO_Label
PA1.GPIOParameters=GPIO_Label
ProjectManager.BackupPrevious=false
RCC.VCOInputFreq_Value=4000000
PB1.GPIO_Label=GATE4
NVIC.TIM2_IRQn=true\:0\:0\:false\:false\:true\:true\:true
File.Version=6
PA10.GPIO_Label=OLED_SDA
PA0.Mode=HSE-External-Clock-Source-for-LittleOrca
PA8.Signal=GPIO_Output
RCC.PLLRCLKFreq_Value=32000000
NVIC.PendSV_IRQn=true\:0\:0\:false\:false\:true\:false\:false
ProjectManager.HalAssertFull=false
PB0.Locked=true
ProjectManager.ProjectName=seq8
PA0.Signal=RCC_CK_IN
Mcu.Package=UFQFPN32
PB1.Signal=GPIO_Output
PA6.Signal=GPIO_Output
PA7.Locked=true
PA5.Locked=true
ProjectManager.ToolChainLocation=
PA2.GPIO_Label=VCP_TX
RCC.LSI_VALUE=32000
VP_SYS_VS_Systick.Signal=SYS_VS_Systick
SH.GPXTI5.ConfNb=1
RCC.LSCOPinFreq_Value=32000
PA10.Signal=I2C1_SDA
PA5.GPIOParameters=GPIO_Label
PC14-OSC32_IN\ (PC14).Locked=true
PB5.GPIO_Label=GATE8
RCC.PLLPoutputFreq_Value=9142857.142857144
RCC.APB1TimFreq_Value=32000000
NVIC.BusFault_IRQn=true\:0\:0\:false\:false\:true\:false\:false
RCC.LPUART1Freq_Value=32000000
PA13\ (JTMS-SWDIO).Signal=SYS_JTMS-SWDIO
PA13\ (JTMS-SWDIO).GPIOParameters=GPIO_Label
PA4.GPIO_Label=ENC_B
ProjectManager.CustomerFirmwarePackage=
RCC.HSI48_VALUE=48000000
RCC.LPTIMFreq_Value=32000000
PB3\ (JTDO-TRACESWO).Locked=true
PA3.Signal=GPXTI3
RCC.TIMFreq_Value=32000000
PA2.Locked=true
PA6.GPIOParameters=GPIO_Label
RCC.MSI_VALUE=4000000
PA14\ (JTCK-SWCLK).Mode=Serial_Wire
NVIC.EXTI4_IRQn=true\:4\:0\:true\:false\:true\:true\:true
SH.GPXTI5.0=GPIO_EXTI5
RCC.PLLQoutputFreq_Value=32000000
ProjectManager.ProjectFileName=seq8.ioc
PA10.Mode=I2C
Mcu.PinsNb=24
ProjectManager.NoMain=false
RCC.LPUARTFreq_Value=32000000
PA9.GPIO_Label=OLED_SCL
RCC.SWPMI1Freq_Value=32000000
PA11.GPIO_Label=GATE6
ProjectManager.DefaultFWLocation=true
PC15-OSC32_OUT\ (PC15).Signal=RCC_OSC32_OUT
PA14\ (JTCK-SWCLK).GPIO_Label=SWCLK
PB3\ (JTDO-TRACESWO).GPIO_Label=LD3 [Green]
ProjectManager.DeletePrevious=true
RCC.TimerFreq_Value=32000000
boardIOC=true
PA12.GPIO_Label=GATE7
RCC.FamilyName=M
PA3.GPIO_ModeDefaultEXTI=GPIO_MODE_IT_RISING_FALLING
RCC.WatchDogFreq_Value=32000
RCC.HSI16_VALUE=16000000
PA11.Locked=true
PA9.Mode=I2C
PA8.GPIO_Label=GATE5
ProjectManager.TargetToolchain=STM32CubeIDE
PA9.Signal=I2C1_SCL
I2C1.Timing=0x00707CBB
PB5.Locked=true
PA4.GPIO_ModeDefaultEXTI=GPIO_MODE_IT_RISING_FALLING
ProjectManager.RegisterCallBack=
PC15-OSC32_OUT\ (PC15).Locked=true
PA1.Signal=GPXTI1
RCC.PLLSAI1PoutputFreq_Value=4571428.571428572
PB1.Locked=true
PA5.Signal=GPXTI5
RCC.MCOPinFreq_Value=32000000
board=NUCLEO-L432KC
SH.GPXTI3.0=GPIO_EXTI3
RCC.VCOOutputFreq_Value=64000000
ProjectManager.LastFirmware=true
RCC.APB2Freq_Value=32000000
MxCube.Version=6.2.1
PB3\ (JTDO-TRACESWO).GPIOParameters=GPIO_Label
PA13\ (JTMS-SWDIO).GPIO_Label=SWDIO
VP_TIM2_VS_ClockSourceINT.Mode=Internal
RCC.I2C1Freq_Value=32000000
RCC.LCDFreq_Value=37000
RCC.PLLSAI1QoutputFreq_Value=16000000
PA1.GPIO_Label=EXT_SEQ_CLK
PA10.GPIOParameters=GPIO_Label
VP_SYS_VS_Systick.Mode=SysTick
NVIC.NonMaskableInt_IRQn=true\:0\:0\:false\:false\:true\:false\:false
PA4.GPIOParameters=GPIO_Label,GPIO_ModeDefaultEXTI
ProjectManager.FreePins=false
PA15\ (JTDI).GPIO_Label=VCP_RX
RCC.IPParameters=48CLKFreq_Value,AHBFreq_Value,APB1Freq_Value,APB1TimFreq_Value,APB2Freq_Value,APB2TimFreq_Value,CortexFreq_Value,FCLKCortexFreq_Value,FamilyName,HCLKFreq_Value,HSE_VALUE,HSI16_VALUE,HSI48_VALUE,HSI_VALUE,I2C1Freq_Value,I2C2Freq_Value,I2C3Freq_Value,LCDFreq_Value,LPTIM1Freq_Value,LPTIM2Freq_Value,LPTIMFreq_Value,LPUART1Freq_Value,LPUARTFreq_Value,LSCOPinFreq_Value,LSI_VALUE,MCO1PinFreq_Value,MCOPinFreq_Value,MSI_VALUE,PLLCLKFreq_Value,PLLMUL,PLLN,PLLPoutputFreq_Value,PLLQoutputFreq_Value,PLLRCLKFreq_Value,PLLSAI1PoutputFreq_Value,PLLSAI1QoutputFreq_Value,PLLSAI1RoutputFreq_Value,PWRFreq_Value,RTCFreq_Value,RTCHSEDivFreq_Value,SAI1Freq_Value,SWPMI1Freq_Value,SYSCLKFreq_VALUE,SYSCLKSource,TIMFreq_Value,TimerFreq_Value,USART1Freq_Value,USART2Freq_Value,USART3Freq_Value,VCOInputFreq_Value,VCOOutputFreq_Value,VCOSAI1OutputFreq_Value,WatchDogFreq_Value
ProjectManager.AskForMigrate=true
Mcu.Name=STM32L432K(B-C)Ux
RCC.LPTIM2Freq_Value=32000000
RCC.RTCHSEDivFreq_Value=4000000
PA2.Signal=USART2_TX
ProjectManager.UnderRoot=true
ProjectManager.CoupleFile=true
PA13\ (JTMS-SWDIO).Mode=Serial_Wire
PA4.Signal=GPXTI4
RCC.SYSCLKFreq_VALUE=32000000
PB5.Signal=GPIO_Output
Mcu.Pin22=VP_SYS_VS_Systick
Mcu.Pin23=VP_TIM2_VS_ClockSourceINT
PA1.Locked=true
PA7.GPIO_Label=GATE2
Mcu.Pin20=PB3 (JTDO-TRACESWO)
PA3.Locked=true
Mcu.Pin21=PB5
SH.GPXTI4.0=GPIO_EXTI4
PA5.GPIO_Label=ENC_SW
PA14\ (JTCK-SWCLK).Locked=true
NVIC.ForceEnableDMAVector=true
KeepUserPlacement=false
PC14-OSC32_IN\ (PC14).Signal=RCC_OSC32_IN
NVIC.MemoryManagement_IRQn=true\:0\:0\:false\:false\:true\:false\:false
ProjectManager.CompilerOptimize=6
PA11.Signal=GPIO_Output
NVIC.EXTI9_5_IRQn=true\:4\:0\:true\:false\:true\:true\:true
ProjectManager.HeapSize=0x200
PA0.GPIOParameters=GPIO_Label
Mcu.Pin15=PA11
NVIC.HardFault_IRQn=true\:0\:0\:false\:false\:true\:false\:false
Mcu.Pin16=PA12
SH.GPXTI4.ConfNb=1
Mcu.Pin13=PA9
Mcu.Pin14=PA10
Mcu.Pin19=PA15 (JTDI)
ProjectManager.ComputerToolchain=false
Mcu.Pin17=PA13 (JTMS-SWDIO)
RCC.HSI_VALUE=16000000
Mcu.Pin18=PA14 (JTCK-SWCLK)
NVIC.PriorityGroup=NVIC_PRIORITYGROUP_4
Mcu.Pin11=PB1
Mcu.Pin12=PA8
RCC.PLLN=16
Mcu.Pin10=PB0
PA2.Mode=Asynchronous
RCC.PWRFreq_Value=32000000
SH.GPXTI1.ConfNb=1
PA15\ (JTDI).Locked=true
RCC.I2C2Freq_Value=16000000
RCC.APB1Freq_Value=32000000
PB0.Signal=GPIO_Output
PA7.GPIOParameters=GPIO_Label
ProjectManager.DeviceId=STM32L432KCUx
ProjectManager.LibraryCopy=1
PA3.GPIO_Label=ENC_A
PB1.GPIOParameters=GPIO_Label
PA7.Signal=GPIO_Output
PA6.Locked=true
isbadioc=false
